
Microsoft Visual Studio Solution File, Format Version 12.00
# Visual Studio Version 17
VisualStudioVersion = 17.14.36511.14 d17.14
MinimumVisualStudioVersion = 10.0.40219.1
Project("{E24C65DC-7377-472B-9ABA-BC803B73C61A}") = "NF", ".", "{89F7DE6E-9300-4DC5-9A1C-B44F0B3689AD}"
	ProjectSection(WebsiteProperties) = preProject
		TargetFrameworkMoniker = ".NETFramework,Version%3Dv4.8"
		Debug.AspNetCompiler.VirtualPath = "/localhost_5651"
		Debug.AspNetCompiler.PhysicalPath = "..\NF\"
		Debug.AspNetCompiler.TargetPath = "PrecompiledWeb\localhost_5651\"
		Debug.AspNetCompiler.Updateable = "true"
		Debug.AspNetCompiler.ForceOverwrite = "true"
		Debug.AspNetCompiler.FixedNames = "false"
		Debug.AspNetCompiler.Debug = "True"
		Release.AspNetCompiler.VirtualPath = "/localhost_5651"
		Release.AspNetCompiler.PhysicalPath = "..\NF\"
		Release.AspNetCompiler.TargetPath = "PrecompiledWeb\localhost_5651\"
		Release.AspNetCompiler.Updateable = "true"
		Release.AspNetCompiler.ForceOverwrite = "true"
		Release.AspNetCompiler.FixedNames = "false"
		Release.AspNetCompiler.Debug = "False"
		VWDPort = "5651"
		SlnRelativePath = "..\NF\"
	EndProjectSection
EndProject
Global
	GlobalSection(SolutionConfigurationPlatforms) = preSolution
		Debug|Any CPU = Debug|Any CPU
	EndGlobalSection
	GlobalSection(ProjectConfigurationPlatforms) = postSolution
		{89F7DE6E-9300-4DC5-9A1C-B44F0B3689AD}.Debug|Any CPU.ActiveCfg = Debug|Any CPU
		{89F7DE6E-9300-4DC5-9A1C-B44F0B3689AD}.Debug|Any CPU.Build.0 = Debug|Any CPU
	EndGlobalSection
	GlobalSection(SolutionProperties) = preSolution
		HideSolutionNode = FALSE
	EndGlobalSection
	GlobalSection(ExtensibilityGlobals) = postSolution
		SolutionGuid = {EA1E785A-529C-4E87-9BA3-F4D95E7A677B}
	EndGlobalSection
EndGlobal
